
Microsoft Visual Studio Solution File, Format Version 12.00
# Visual Studio Version 17
VisualStudioVersion = 17.4.33205.214
MinimumVisualStudioVersion = 10.0.40219.1
Project("{FAE04EC0-301F-11D3-BF4B-00C04F79EFBC}") = "SimpleWebApp", "SimpleWebApp.csproj", "{2B9013CE-35B7-47DA-9E59-0E92F45FE8EF}"
EndProject
Global
	GlobalSection(SolutionConfigurationPlatforms) = preSolution
		Debug|Any CPU = Debug|Any CPU
		Release|Any CPU = Release|Any CPU
	EndGlobalSection
	GlobalSection(ProjectConfigurationPlatforms) = postSolution
		{2B9013CE-35B7-47DA-9E59-0E92F45FE8EF}.Debug|Any CPU.ActiveCfg = Debug|Any CPU
		{2B9013CE-35B7-47DA-9E59-0E92F45FE8EF}.Debug|Any CPU.Build.0 = Debug|Any CPU
		{2B9013CE-35B7-47DA-9E59-0E92F45FE8EF}.Release|Any CPU.ActiveCfg = Release|Any CPU
		{2B9013CE-35B7-47DA-9E59-0E92F45FE8EF}.Release|Any CPU.Build.0 = Release|Any CPU
	EndGlobalSection
	GlobalSection(SolutionProperties) = preSolution
		HideSolutionNode = FALSE
	EndGlobalSection
	GlobalSection(ExtensibilityGlobals) = postSolution
		SolutionGuid = {01BBD137-25C8-4352-8EBF-27701F39EE5A}
	EndGlobalSection
EndGlobal
